
Microsoft Visual Studio Solution File, Format Version 11.00
# Visual C++ Express 2010
Project("{8BC9CEB8-8B4A-11D0-8D11-00A0C91BC942}") = "the_walshing_machine", "the_walshing_machine.vcxproj", "{DF3A1985-3F8C-4B6B-9BBB-66F325855BAD}"
EndProject
Project("{8BC9CEB8-8B4A-11D0-8D11-00A0C91BC942}") = "algos", "algos\algos.vcxproj", "{5BB7510C-E965-464D-B0E7-F80063C2959C}"
EndProject
Global
	GlobalSection(SolutionConfigurationPlatforms) = preSolution
		Debug|Win32 = Debug|Win32
		Release|Win32 = Release|Win32
	EndGlobalSection
	GlobalSection(ProjectConfigurationPlatforms) = postSolution
		{DF3A1985-3F8C-4B6B-9BBB-66F325855BAD}.Debug|Win32.ActiveCfg = Debug|Win32
		{DF3A1985-3F8C-4B6B-9BBB-66F325855BAD}.Debug|Win32.Build.0 = Debug|Win32
		{DF3A1985-3F8C-4B6B-9BBB-66F325855BAD}.Release|Win32.ActiveCfg = Release|Win32
		{DF3A1985-3F8C-4B6B-9BBB-66F325855BAD}.Release|Win32.Build.0 = Release|Win32
		{5BB7510C-E965-464D-B0E7-F80063C2959C}.Debug|Win32.ActiveCfg = Debug|Win32
		{5BB7510C-E965-464D-B0E7-F80063C2959C}.Debug|Win32.Build.0 = Debug|Win32
		{5BB7510C-E965-464D-B0E7-F80063C2959C}.Release|Win32.ActiveCfg = Release|Win32
		{5BB7510C-E965-464D-B0E7-F80063C2959C}.Release|Win32.Build.0 = Release|Win32
	EndGlobalSection
	GlobalSection(SolutionProperties) = preSolution
		HideSolutionNode = FALSE
	EndGlobalSection
EndGlobal
